
Microsoft Visual Studio Solution File, Format Version 12.00
# Visual Studio Version 16
VisualStudioVersion = 16.0.29806.167
MinimumVisualStudioVersion = 10.0.40219.1
Project("{2150E333-8FDC-42A3-9474-1A3956D46DE8}") = "Solution Items", "Solution Items", "{6895483D-2B67-460E-B5CA-DEFF69E2E6D0}"
	ProjectSection(SolutionItems) = preProject
		OCP.md = OCP.md
		README.md = README.md
		SRP.md = SRP.md
	EndProjectSection
EndProject
Project("{9A19103F-16F7-4668-BE54-9A1E7A4F7556}") = "ArdalisRating.Tests", "ArdalisRating.Tests\ArdalisRating.Tests.csproj", "{BFD6FF01-2A8F-440A-8ED8-0973DCF096F5}"
EndProject
Project("{9A19103F-16F7-4668-BE54-9A1E7A4F7556}") = "ArdalisRating.Persistence", "ArdalisRating.Persistence\ArdalisRating.Persistence.csproj", "{CEE36663-71E6-4F06-90B1-F7753D34EF68}"
EndProject
Project("{9A19103F-16F7-4668-BE54-9A1E7A4F7556}") = "ArdalisRating.Domain", "ArdalisRating.Domain\ArdalisRating.Domain.csproj", "{787F3E86-0D57-47B2-957A-B0269A003E1B}"
EndProject
Project("{9A19103F-16F7-4668-BE54-9A1E7A4F7556}") = "ArdalisRating.Core", "ArdalisRating.Core\ArdalisRating.Core.csproj", "{F217BD78-EBC4-4210-AA84-92A8C2620925}"
EndProject
Project("{9A19103F-16F7-4668-BE54-9A1E7A4F7556}") = "ArdalisRating.ConsoleApp", "ArdalisRating.ConsoleApp\ArdalisRating.ConsoleApp.csproj", "{00166185-E0AF-4956-A661-E0646275FAAE}"
EndProject
Project("{9A19103F-16F7-4668-BE54-9A1E7A4F7556}") = "ArdalisRating.Logging", "ArdalisRating.Logging\ArdalisRating.Logging.csproj", "{5018E3F9-28F4-4FAD-89B8-1CAF699AD301}"
EndProject
Global
	GlobalSection(SolutionConfigurationPlatforms) = preSolution
		Debug|Any CPU = Debug|Any CPU
		Release|Any CPU = Release|Any CPU
	EndGlobalSection
	GlobalSection(ProjectConfigurationPlatforms) = postSolution
		{BFD6FF01-2A8F-440A-8ED8-0973DCF096F5}.Debug|Any CPU.ActiveCfg = Debug|Any CPU
		{BFD6FF01-2A8F-440A-8ED8-0973DCF096F5}.Debug|Any CPU.Build.0 = Debug|Any CPU
		{BFD6FF01-2A8F-440A-8ED8-0973DCF096F5}.Release|Any CPU.ActiveCfg = Release|Any CPU
		{BFD6FF01-2A8F-440A-8ED8-0973DCF096F5}.Release|Any CPU.Build.0 = Release|Any CPU
		{CEE36663-71E6-4F06-90B1-F7753D34EF68}.Debug|Any CPU.ActiveCfg = Debug|Any CPU
		{CEE36663-71E6-4F06-90B1-F7753D34EF68}.Debug|Any CPU.Build.0 = Debug|Any CPU
		{CEE36663-71E6-4F06-90B1-F7753D34EF68}.Release|Any CPU.ActiveCfg = Release|Any CPU
		{CEE36663-71E6-4F06-90B1-F7753D34EF68}.Release|Any CPU.Build.0 = Release|Any CPU
		{787F3E86-0D57-47B2-957A-B0269A003E1B}.Debug|Any CPU.ActiveCfg = Debug|Any CPU
		{787F3E86-0D57-47B2-957A-B0269A003E1B}.Debug|Any CPU.Build.0 = Debug|Any CPU
		{787F3E86-0D57-47B2-957A-B0269A003E1B}.Release|Any CPU.ActiveCfg = Release|Any CPU
		{787F3E86-0D57-47B2-957A-B0269A003E1B}.Release|Any CPU.Build.0 = Release|Any CPU
		{F217BD78-EBC4-4210-AA84-92A8C2620925}.Debug|Any CPU.ActiveCfg = Debug|Any CPU
		{F217BD78-EBC4-4210-AA84-92A8C2620925}.Debug|Any CPU.Build.0 = Debug|Any CPU
		{F217BD78-EBC4-4210-AA84-92A8C2620925}.Release|Any CPU.ActiveCfg = Release|Any CPU
		{F217BD78-EBC4-4210-AA84-92A8C2620925}.Release|Any CPU.Build.0 = Release|Any CPU
		{00166185-E0AF-4956-A661-E0646275FAAE}.Debug|Any CPU.ActiveCfg = Debug|Any CPU
		{00166185-E0AF-4956-A661-E0646275FAAE}.Debug|Any CPU.Build.0 = Debug|Any CPU
		{00166185-E0AF-4956-A661-E0646275FAAE}.Release|Any CPU.ActiveCfg = Release|Any CPU
		{00166185-E0AF-4956-A661-E0646275FAAE}.Release|Any CPU.Build.0 = Release|Any CPU
		{5018E3F9-28F4-4FAD-89B8-1CAF699AD301}.Debug|Any CPU.ActiveCfg = Debug|Any CPU
		{5018E3F9-28F4-4FAD-89B8-1CAF699AD301}.Debug|Any CPU.Build.0 = Debug|Any CPU
		{5018E3F9-28F4-4FAD-89B8-1CAF699AD301}.Release|Any CPU.ActiveCfg = Release|Any CPU
		{5018E3F9-28F4-4FAD-89B8-1CAF699AD301}.Release|Any CPU.Build.0 = Release|Any CPU
	EndGlobalSection
	GlobalSection(SolutionProperties) = preSolution
		HideSolutionNode = FALSE
	EndGlobalSection
	GlobalSection(ExtensibilityGlobals) = postSolution
		SolutionGuid = {0121620D-A72E-43BA-BCDA-89A7A2777FA0}
	EndGlobalSection
EndGlobal
